
Microsoft Visual Studio Solution File, Format Version 12.00
# Visual Studio Version 17
VisualStudioVersion = 17.2.32616.157
MinimumVisualStudioVersion = 10.0.40219.1
Project("{9A19103F-16F7-4668-BE54-9A1E7A4F7556}") = "BackEnd1", "BackEnd1\BackEnd1.csproj", "{457E287E-4F46-474D-A251-7F261471F044}"
EndProject
Project("{FAE04EC0-301F-11D3-BF4B-00C04F79EFBC}") = "FrontEnd1", "FrontEnd1\FrontEnd1.csproj", "{F628F7AD-1FE0-4A4B-AADB-3DD28F550AE3}"
EndProject
Global
	GlobalSection(SolutionConfigurationPlatforms) = preSolution
		Debug|Any CPU = Debug|Any CPU
		Release|Any CPU = Release|Any CPU
	EndGlobalSection
	GlobalSection(ProjectConfigurationPlatforms) = postSolution
		{457E287E-4F46-474D-A251-7F261471F044}.Debug|Any CPU.ActiveCfg = Debug|Any CPU
		{457E287E-4F46-474D-A251-7F261471F044}.Debug|Any CPU.Build.0 = Debug|Any CPU
		{457E287E-4F46-474D-A251-7F261471F044}.Release|Any CPU.ActiveCfg = Release|Any CPU
		{457E287E-4F46-474D-A251-7F261471F044}.Release|Any CPU.Build.0 = Release|Any CPU
		{F628F7AD-1FE0-4A4B-AADB-3DD28F550AE3}.Debug|Any CPU.ActiveCfg = Debug|Any CPU
		{F628F7AD-1FE0-4A4B-AADB-3DD28F550AE3}.Debug|Any CPU.Build.0 = Debug|Any CPU
		{F628F7AD-1FE0-4A4B-AADB-3DD28F550AE3}.Release|Any CPU.ActiveCfg = Release|Any CPU
		{F628F7AD-1FE0-4A4B-AADB-3DD28F550AE3}.Release|Any CPU.Build.0 = Release|Any CPU
	EndGlobalSection
	GlobalSection(SolutionProperties) = preSolution
		HideSolutionNode = FALSE
	EndGlobalSection
	GlobalSection(ExtensibilityGlobals) = postSolution
		SolutionGuid = {CDD8BD8A-CDA7-44B9-934E-131AF22005A0}
	EndGlobalSection
EndGlobal
